
Microsoft Visual Studio Solution File, Format Version 12.00
# Visual Studio Version 16
VisualStudioVersion = 16.0.34729.46
MinimumVisualStudioVersion = 10.0.40219.1
Project("{FAE04EC0-301F-11D3-BF4B-00C04F79EFBC}") = "AirportDataConvertConsoleApp", "AirportDataConvertConsoleApp.csproj", "{8B975700-2043-4AEC-A812-C204380F7048}"
EndProject
Global
	GlobalSection(SolutionConfigurationPlatforms) = preSolution
		Debug|Any CPU = Debug|Any CPU
		Release|Any CPU = Release|Any CPU
	EndGlobalSection
	GlobalSection(ProjectConfigurationPlatforms) = postSolution
		{8B975700-2043-4AEC-A812-C204380F7048}.Debug|Any CPU.ActiveCfg = Debug|Any CPU
		{8B975700-2043-4AEC-A812-C204380F7048}.Debug|Any CPU.Build.0 = Debug|Any CPU
		{8B975700-2043-4AEC-A812-C204380F7048}.Release|Any CPU.ActiveCfg = Release|Any CPU
		{8B975700-2043-4AEC-A812-C204380F7048}.Release|Any CPU.Build.0 = Release|Any CPU
	EndGlobalSection
	GlobalSection(SolutionProperties) = preSolution
		HideSolutionNode = FALSE
	EndGlobalSection
	GlobalSection(ExtensibilityGlobals) = postSolution
		SolutionGuid = {16BE55A8-0F42-41CD-8CB6-E96182BF9B32}
	EndGlobalSection
EndGlobal
